
Microsoft Visual Studio Solution File, Format Version 12.00
# Visual Studio Version 16
VisualStudioVersion = 16.0.30011.22
MinimumVisualStudioVersion = 10.0.40219.1
Project("{2150E333-8FDC-42A3-9474-1A3956D46DE8}") = "01 - Testes de Unidade", "01 - Testes de Unidade", "{7D257EF0-20AD-4C4D-AAC4-0D0A8E7A8E7F}"
EndProject
Project("{2150E333-8FDC-42A3-9474-1A3956D46DE8}") = "1.1 - Testes Basicos", "1.1 - Testes Basicos", "{980B8FD1-D120-42B2-9657-7EB1141B18BE}"
EndProject
Project("{9A19103F-16F7-4668-BE54-9A1E7A4F7556}") = "Demo", "01 - Testes de Unidade\Demo\Demo.csproj", "{E92729A5-4B9C-4D01-9271-A1FF082712CD}"
EndProject
Project("{9A19103F-16F7-4668-BE54-9A1E7A4F7556}") = "Demo.Tests", "01 - Testes de Unidade\Demo.Tests\Demo.Tests.csproj", "{C1A4C619-9D9F-4B84-B045-8DC7ADB1A8EB}"
EndProject
Project("{2150E333-8FDC-42A3-9474-1A3956D46DE8}") = "1.2 - Features", "1.2 - Features", "{BF0A15FA-72D7-4E3F-9736-8512A6D74F72}"
EndProject
Project("{FAE04EC0-301F-11D3-BF4B-00C04F79EFBC}") = "Features.Tests", "02 - Features\Features.Tests\Features.Tests.csproj", "{A2117096-6CE3-4ACF-980B-E70F13E5F7D9}"
EndProject
Project("{9A19103F-16F7-4668-BE54-9A1E7A4F7556}") = "Features", "02 - Features\Features\Features.csproj", "{3A733F94-EE95-4E15-8BEA-A3E85A022FFF}"
EndProject
Global
	GlobalSection(SolutionConfigurationPlatforms) = preSolution
		Debug|Any CPU = Debug|Any CPU
		Release|Any CPU = Release|Any CPU
	EndGlobalSection
	GlobalSection(ProjectConfigurationPlatforms) = postSolution
		{E92729A5-4B9C-4D01-9271-A1FF082712CD}.Debug|Any CPU.ActiveCfg = Debug|Any CPU
		{E92729A5-4B9C-4D01-9271-A1FF082712CD}.Debug|Any CPU.Build.0 = Debug|Any CPU
		{E92729A5-4B9C-4D01-9271-A1FF082712CD}.Release|Any CPU.ActiveCfg = Release|Any CPU
		{E92729A5-4B9C-4D01-9271-A1FF082712CD}.Release|Any CPU.Build.0 = Release|Any CPU
		{C1A4C619-9D9F-4B84-B045-8DC7ADB1A8EB}.Debug|Any CPU.ActiveCfg = Debug|Any CPU
		{C1A4C619-9D9F-4B84-B045-8DC7ADB1A8EB}.Debug|Any CPU.Build.0 = Debug|Any CPU
		{C1A4C619-9D9F-4B84-B045-8DC7ADB1A8EB}.Release|Any CPU.ActiveCfg = Release|Any CPU
		{C1A4C619-9D9F-4B84-B045-8DC7ADB1A8EB}.Release|Any CPU.Build.0 = Release|Any CPU
		{A2117096-6CE3-4ACF-980B-E70F13E5F7D9}.Debug|Any CPU.ActiveCfg = Debug|Any CPU
		{A2117096-6CE3-4ACF-980B-E70F13E5F7D9}.Debug|Any CPU.Build.0 = Debug|Any CPU
		{A2117096-6CE3-4ACF-980B-E70F13E5F7D9}.Release|Any CPU.ActiveCfg = Release|Any CPU
		{A2117096-6CE3-4ACF-980B-E70F13E5F7D9}.Release|Any CPU.Build.0 = Release|Any CPU
		{3A733F94-EE95-4E15-8BEA-A3E85A022FFF}.Debug|Any CPU.ActiveCfg = Debug|Any CPU
		{3A733F94-EE95-4E15-8BEA-A3E85A022FFF}.Debug|Any CPU.Build.0 = Debug|Any CPU
		{3A733F94-EE95-4E15-8BEA-A3E85A022FFF}.Release|Any CPU.ActiveCfg = Release|Any CPU
		{3A733F94-EE95-4E15-8BEA-A3E85A022FFF}.Release|Any CPU.Build.0 = Release|Any CPU
	EndGlobalSection
	GlobalSection(SolutionProperties) = preSolution
		HideSolutionNode = FALSE
	EndGlobalSection
	GlobalSection(NestedProjects) = preSolution
		{980B8FD1-D120-42B2-9657-7EB1141B18BE} = {7D257EF0-20AD-4C4D-AAC4-0D0A8E7A8E7F}
		{E92729A5-4B9C-4D01-9271-A1FF082712CD} = {980B8FD1-D120-42B2-9657-7EB1141B18BE}
		{C1A4C619-9D9F-4B84-B045-8DC7ADB1A8EB} = {980B8FD1-D120-42B2-9657-7EB1141B18BE}
		{BF0A15FA-72D7-4E3F-9736-8512A6D74F72} = {7D257EF0-20AD-4C4D-AAC4-0D0A8E7A8E7F}
		{A2117096-6CE3-4ACF-980B-E70F13E5F7D9} = {BF0A15FA-72D7-4E3F-9736-8512A6D74F72}
		{3A733F94-EE95-4E15-8BEA-A3E85A022FFF} = {BF0A15FA-72D7-4E3F-9736-8512A6D74F72}
	EndGlobalSection
	GlobalSection(ExtensibilityGlobals) = postSolution
		SolutionGuid = {F621C5A1-76C4-429F-8EB2-F598B1AA7950}
	EndGlobalSection
EndGlobal
